
Microsoft Visual Studio Solution File, Format Version 12.00
# Visual Studio Version 17
VisualStudioVersion = 17.9.34616.47
MinimumVisualStudioVersion = 10.0.40219.1
Project("{9A19103F-16F7-4668-BE54-9A1E7A4F7556}") = "NZWalks.API", "NZWalks.API\NZWalks.API.csproj", "{1694CAC1-DA25-4625-8D1D-E2449599D9B3}"
EndProject
Project("{FAE04EC0-301F-11D3-BF4B-00C04F79EFBC}") = "ClassLibrary1", "ClassLibrary1\ClassLibrary1.csproj", "{6620BC74-33FE-4900-AAEF-AAB452E8EDF1}"
EndProject
Global
	GlobalSection(SolutionConfigurationPlatforms) = preSolution
		Debug|Any CPU = Debug|Any CPU
		Release|Any CPU = Release|Any CPU
	EndGlobalSection
	GlobalSection(ProjectConfigurationPlatforms) = postSolution
		{1694CAC1-DA25-4625-8D1D-E2449599D9B3}.Debug|Any CPU.ActiveCfg = Debug|Any CPU
		{1694CAC1-DA25-4625-8D1D-E2449599D9B3}.Debug|Any CPU.Build.0 = Debug|Any CPU
		{1694CAC1-DA25-4625-8D1D-E2449599D9B3}.Release|Any CPU.ActiveCfg = Release|Any CPU
		{1694CAC1-DA25-4625-8D1D-E2449599D9B3}.Release|Any CPU.Build.0 = Release|Any CPU
		{6620BC74-33FE-4900-AAEF-AAB452E8EDF1}.Debug|Any CPU.ActiveCfg = Debug|Any CPU
		{6620BC74-33FE-4900-AAEF-AAB452E8EDF1}.Debug|Any CPU.Build.0 = Debug|Any CPU
		{6620BC74-33FE-4900-AAEF-AAB452E8EDF1}.Release|Any CPU.ActiveCfg = Release|Any CPU
		{6620BC74-33FE-4900-AAEF-AAB452E8EDF1}.Release|Any CPU.Build.0 = Release|Any CPU
	EndGlobalSection
	GlobalSection(SolutionProperties) = preSolution
		HideSolutionNode = FALSE
	EndGlobalSection
	GlobalSection(ExtensibilityGlobals) = postSolution
		SolutionGuid = {22A18DC8-8A61-4295-969D-51F5722EE41C}
	EndGlobalSection
EndGlobal
